
Microsoft Visual Studio Solution File, Format Version 12.00
# Visual Studio Version 17
VisualStudioVersion = 17.14.36804.6 d17.14
MinimumVisualStudioVersion = 10.0.40219.1
Project("{888888A0-9F3D-457C-B088-3A5042F75D52}") = "rastr_test", "rastr_test\rastr_test.pyproj", "{CAFCE7AE-A769-4AAC-B2B8-4C5A6A06CB4E}"
EndProject
Global
	GlobalSection(SolutionConfigurationPlatforms) = preSolution
		Debug|Any CPU = Debug|Any CPU
		Release|Any CPU = Release|Any CPU
	EndGlobalSection
	GlobalSection(ProjectConfigurationPlatforms) = postSolution
		{CAFCE7AE-A769-4AAC-B2B8-4C5A6A06CB4E}.Debug|Any CPU.ActiveCfg = Debug|Any CPU
		{CAFCE7AE-A769-4AAC-B2B8-4C5A6A06CB4E}.Release|Any CPU.ActiveCfg = Release|Any CPU
	EndGlobalSection
	GlobalSection(SolutionProperties) = preSolution
		HideSolutionNode = FALSE
	EndGlobalSection
	GlobalSection(ExtensibilityGlobals) = postSolution
		SolutionGuid = {BDBAA106-3F17-48F4-8F69-B26CBBB7DD74}
	EndGlobalSection
EndGlobal
